
Microsoft Visual Studio Solution File, Format Version 12.00
Project("{FAE04EC0-301F-11D3-BF4B-00C04F79EFBC}") = "Result", "Result\Result.csproj", "{15C77E8D-1255-48D6-BDCE-3DD500A4CBAD}"
EndProject
Project("{FAE04EC0-301F-11D3-BF4B-00C04F79EFBC}") = "Result.Tests", "Result.Tests\Result.Tests.csproj", "{D427035E-65EB-4AD3-A3F7-1C54174C89DB}"
EndProject
Global
	GlobalSection(SolutionConfigurationPlatforms) = preSolution
		Debug|Any CPU = Debug|Any CPU
		Release|Any CPU = Release|Any CPU
		Nuget|Any CPU = Nuget|Any CPU
	EndGlobalSection
	GlobalSection(ProjectConfigurationPlatforms) = postSolution
		{15C77E8D-1255-48D6-BDCE-3DD500A4CBAD}.Debug|Any CPU.ActiveCfg = Debug|Any CPU
		{15C77E8D-1255-48D6-BDCE-3DD500A4CBAD}.Debug|Any CPU.Build.0 = Debug|Any CPU
		{15C77E8D-1255-48D6-BDCE-3DD500A4CBAD}.Release|Any CPU.ActiveCfg = Release|Any CPU
		{15C77E8D-1255-48D6-BDCE-3DD500A4CBAD}.Release|Any CPU.Build.0 = Release|Any CPU
		{15C77E8D-1255-48D6-BDCE-3DD500A4CBAD}.Nuget|Any CPU.ActiveCfg = Nuget|Any CPU
		{15C77E8D-1255-48D6-BDCE-3DD500A4CBAD}.Nuget|Any CPU.Build.0 = Nuget|Any CPU
		{D427035E-65EB-4AD3-A3F7-1C54174C89DB}.Debug|Any CPU.ActiveCfg = Debug|Any CPU
		{D427035E-65EB-4AD3-A3F7-1C54174C89DB}.Release|Any CPU.ActiveCfg = Release|Any CPU
		{D427035E-65EB-4AD3-A3F7-1C54174C89DB}.Release|Any CPU.Build.0 = Release|Any CPU
		{D427035E-65EB-4AD3-A3F7-1C54174C89DB}.Debug|Any CPU.Build.0 = Debug|Any CPU
		{D427035E-65EB-4AD3-A3F7-1C54174C89DB}.Nuget|Any CPU.ActiveCfg = Nuget|Any CPU
	EndGlobalSection
EndGlobal
